Microsoft Visual Studio Solution File, Format Version 12.00
# Visual Studio 16
Project("{8BC9CEB8-8B4A-11D0-8D11-00A0C91BC942}") = "ALL_BUILD", "ALL_BUILD.vcxproj", "{66AB0469-9301-3E31-B0CF-74453861E710}"
	ProjectSection(ProjectDependencies) = postProject
		{4FD44D18-A295-3654-BD50-A393616BC14D} = {4FD44D18-A295-3654-BD50-A393616BC14D}
		{A20E2CCC-B4E8-38D9-BA28-91468ACB49CB} = {A20E2CCC-B4E8-38D9-BA28-91468ACB49CB}
	EndProjectSection
EndProject
Project("{8BC9CEB8-8B4A-11D0-8D11-00A0C91BC942}") = "INSTALL", "INSTALL.vcxproj", "{C8FBFA01-58EB-38B0-95F0-2831259C0BB6}"
	ProjectSection(ProjectDependencies) = postProject
		{66AB0469-9301-3E31-B0CF-74453861E710} = {66AB0469-9301-3E31-B0CF-74453861E710}
		{4FD44D18-A295-3654-BD50-A393616BC14D} = {4FD44D18-A295-3654-BD50-A393616BC14D}
	EndProjectSection
EndProject
Project("{8BC9CEB8-8B4A-11D0-8D11-00A0C91BC942}") = "ZERO_CHECK", "ZERO_CHECK.vcxproj", "{4FD44D18-A295-3654-BD50-A393616BC14D}"
	ProjectSection(ProjectDependencies) = postProject
	EndProjectSection
EndProject
Project("{8BC9CEB8-8B4A-11D0-8D11-00A0C91BC942}") = "a6-harold", "a6-harold.vcxproj", "{A20E2CCC-B4E8-38D9-BA28-91468ACB49CB}"
	ProjectSection(ProjectDependencies) = postProject
		{4FD44D18-A295-3654-BD50-A393616BC14D} = {4FD44D18-A295-3654-BD50-A393616BC14D}
	EndProjectSection
EndProject
Global
	GlobalSection(SolutionConfigurationPlatforms) = preSolution
		Debug|x64 = Debug|x64
		Release|x64 = Release|x64
		MinSizeRel|x64 = MinSizeRel|x64
		RelWithDebInfo|x64 = RelWithDebInfo|x64
	EndGlobalSection
	GlobalSection(ProjectConfigurationPlatforms) = postSolution
		{66AB0469-9301-3E31-B0CF-74453861E710}.Debug|x64.ActiveCfg = Debug|x64
		{66AB0469-9301-3E31-B0CF-74453861E710}.Debug|x64.Build.0 = Debug|x64
		{66AB0469-9301-3E31-B0CF-74453861E710}.Release|x64.ActiveCfg = Release|x64
		{66AB0469-9301-3E31-B0CF-74453861E710}.Release|x64.Build.0 = Release|x64
		{66AB0469-9301-3E31-B0CF-74453861E710}.MinSizeRel|x64.ActiveCfg = MinSizeRel|x64
		{66AB0469-9301-3E31-B0CF-74453861E710}.MinSizeRel|x64.Build.0 = MinSizeRel|x64
		{66AB0469-9301-3E31-B0CF-74453861E710}.RelWithDebInfo|x64.ActiveCfg = RelWithDebInfo|x64
		{66AB0469-9301-3E31-B0CF-74453861E710}.RelWithDebInfo|x64.Build.0 = RelWithDebInfo|x64
		{C8FBFA01-58EB-38B0-95F0-2831259C0BB6}.Debug|x64.ActiveCfg = Debug|x64
		{C8FBFA01-58EB-38B0-95F0-2831259C0BB6}.Release|x64.ActiveCfg = Release|x64
		{C8FBFA01-58EB-38B0-95F0-2831259C0BB6}.MinSizeRel|x64.ActiveCfg = MinSizeRel|x64
		{C8FBFA01-58EB-38B0-95F0-2831259C0BB6}.RelWithDebInfo|x64.ActiveCfg = RelWithDebInfo|x64
		{4FD44D18-A295-3654-BD50-A393616BC14D}.Debug|x64.ActiveCfg = Debug|x64
		{4FD44D18-A295-3654-BD50-A393616BC14D}.Debug|x64.Build.0 = Debug|x64
		{4FD44D18-A295-3654-BD50-A393616BC14D}.Release|x64.ActiveCfg = Release|x64
		{4FD44D18-A295-3654-BD50-A393616BC14D}.Release|x64.Build.0 = Release|x64
		{4FD44D18-A295-3654-BD50-A393616BC14D}.MinSizeRel|x64.ActiveCfg = MinSizeRel|x64
		{4FD44D18-A295-3654-BD50-A393616BC14D}.MinSizeRel|x64.Build.0 = MinSizeRel|x64
		{4FD44D18-A295-3654-BD50-A393616BC14D}.RelWithDebInfo|x64.ActiveCfg = RelWithDebInfo|x64
		{4FD44D18-A295-3654-BD50-A393616BC14D}.RelWithDebInfo|x64.Build.0 = RelWithDebInfo|x64
		{A20E2CCC-B4E8-38D9-BA28-91468ACB49CB}.Debug|x64.ActiveCfg = Debug|x64
		{A20E2CCC-B4E8-38D9-BA28-91468ACB49CB}.Debug|x64.Build.0 = Debug|x64
		{A20E2CCC-B4E8-38D9-BA28-91468ACB49CB}.Release|x64.ActiveCfg = Release|x64
		{A20E2CCC-B4E8-38D9-BA28-91468ACB49CB}.Release|x64.Build.0 = Release|x64
		{A20E2CCC-B4E8-38D9-BA28-91468ACB49CB}.MinSizeRel|x64.ActiveCfg = MinSizeRel|x64
		{A20E2CCC-B4E8-38D9-BA28-91468ACB49CB}.MinSizeRel|x64.Build.0 = MinSizeRel|x64
		{A20E2CCC-B4E8-38D9-BA28-91468ACB49CB}.RelWithDebInfo|x64.ActiveCfg = RelWithDebInfo|x64
		{A20E2CCC-B4E8-38D9-BA28-91468ACB49CB}.RelWithDebInfo|x64.Build.0 = RelWithDebInfo|x64
	EndGlobalSection
	GlobalSection(ExtensibilityGlobals) = postSolution
		SolutionGuid = {9A90FD61-7765-346B-A1D1-7A37B8E6C6E5}
	EndGlobalSection
	GlobalSection(ExtensibilityAddIns) = postSolution
	EndGlobalSection
EndGlobal
